version = 1
requires-python = ">=3.10"

[[package]]
name = "npi"
version = "0.1.0"
source = { editable = "." }
dependencies = [
    { name = "rapidfuzz" },
    { name = "setuptools" },
    { name = "wheel" },
]

[package.metadata]
requires-dist = [
    { name = "rapidfuzz", specifier = ">=3.12.2" },
    { name = "setuptools", specifier = ">=75.8.2" },
    { name = "wheel", specifier = ">=0.45.1" },
]

[[package]]
name = "rapidfuzz"
version = "3.12.2"
source = { registry = "https://pypi.org/simple" }
sdist = { url = "https://files.pythonhosted.org/packages/f9/be/8dff25a6157dfbde9867720b1282157fe7b809e085130bb89d7655c62186/rapidfuzz-3.12.2.tar.gz", hash = "sha256:b0ba1ccc22fff782e7152a3d3d0caca44ec4e32dc48ba01c560b8593965b5aa3", size = 57907839 }
wheels = [
    { url = "https://files.pythonhosted.org/packages/dd/47/55413211ec32f76c39a6e4f88d024d2194fd4c23abe8102cdbcf28cf80eb/rapidfuzz-3.12.2-cp310-cp310-macosx_10_9_x86_64.whl", hash = "sha256:0b9a75e0385a861178adf59e86d6616cbd0d5adca7228dc9eeabf6f62cf5b0b1", size = 1959750 },
    { url = "https://files.pythonhosted.org/packages/a3/7f/7350c9a68952b52f669b50528b0e53fca2a9d633457fc2a53d8a5e4b1bb2/rapidfuzz-3.12.2-cp310-cp310-macosx_11_0_arm64.whl", hash = "sha256:6906a7eb458731e3dd2495af1d0410e23a21a2a2b7ced535e6d5cd15cb69afc5", size = 1433727 },
    { url = "https://files.pythonhosted.org/packages/43/b0/148a34adc92f49582add349faaad9d8f4462a76cc30ad2f1d86bdba4fa44/rapidfuzz-3.12.2-cp310-cp310-manylinux_2_17_aarch64.manylinux2014_aarch64.whl", hash = "sha256:f4b3334a8958b689f292d5ce8a928140ac98919b51e084f04bf0c14276e4c6ba", size = 1423353 },
    { url = "https://files.pythonhosted.org/packages/1e/8f/923ca60dcd814dba1772420c38c8b70e1fe4e6f0b5699bb3afcbe8c4bed1/rapidfuzz-3.12.2-cp310-cp310-manylinux_2_17_i686.manylinux2014_i686.whl", hash = "sha256:85a54ce30345cff2c79cbcffa063f270ad1daedd0d0c3ff6e541d3c3ba4288cf", size = 5641810 },
    { url = "https://files.pythonhosted.org/packages/b8/91/b57ea560a8ff54e0ebb131a62740501ff7f6ffa14dc16e9853a97289614c/rapidfuzz-3.12.2-cp310-cp310-manylinux_2_17_ppc64le.manylinux2014_ppc64le.whl", hash = "sha256:acb63c5072c08058f8995404201a52fc4e1ecac105548a4d03c6c6934bda45a3", size = 1683536 },
    { url = "https://files.pythonhosted.org/packages/fd/5b/fba390383a82353b72c32b5d14f0f7669a542e7205c55f6d2ae6112369bf/rapidfuzz-3.12.2-cp310-cp310-manylinux_2_17_s390x.manylinux2014_s390x.whl", hash = "sha256:5385398d390c6571f0f2a7837e6ddde0c8b912dac096dc8c87208ce9aaaa7570", size = 1685847 },
    { url = "https://files.pythonhosted.org/packages/15/6f/5211f2e80d4e82ff793f214429cbc8a8a69ef7978fd299112ae1c5595ae8/rapidfuzz-3.12.2-cp310-cp310-manylinux_2_17_x86_64.manylinux2014_x86_64.whl", hash = "sha256:5032cbffa245b4beba0067f8ed17392ef2501b346ae3c1f1d14b950edf4b6115", size = 3142196 },
    { url = "https://files.pythonhosted.org/packages/92/fc/d2b4efecf81180c49da09ff97657e0517a5ea55a99b16a1adc56d2900c0b/rapidfuzz-3.12.2-cp310-cp310-musllinux_1_2_aarch64.whl", hash = "sha256:195adbb384d89d6c55e2fd71e7fb262010f3196e459aa2f3f45f31dd7185fe72", size = 2521222 },
    { url = "https://files.pythonhosted.org/packages/ef/5f/a27e284d37632c808eb7cd6c49178dd52354bfb290843e253af4bd46fa61/rapidfuzz-3.12.2-cp310-cp310-musllinux_1_2_i686.whl", hash = "sha256:f43b773a4d4950606fb25568ecde5f25280daf8f97b87eb323e16ecd8177b328", size = 7867428 },
    { url = "https://files.pythonhosted.org/packages/45/68/59168dd67d319a958c525a4eeada5d62a83f83a42b79f9b55917da70f1a7/rapidfuzz-3.12.2-cp310-cp310-musllinux_1_2_ppc64le.whl", hash = "sha256:55a43be0e0fa956a919043c19d19bd988991d15c59f179d413fe5145ed9deb43", size = 2904044 },
    { url = "https://files.pythonhosted.org/packages/5e/40/6bbe014b94d3cef718cfe0be41eb0cecf6fda4b1cd31ba1dddf1984afa08/rapidfuzz-3.12.2-cp310-cp310-musllinux_1_2_s390x.whl", hash = "sha256:71cf1ea16acdebe9e2fb62ee7a77f8f70e877bebcbb33b34e660af2eb6d341d9", size = 3551416 },
    { url = "https://files.pythonhosted.org/packages/e4/6b/2f8e0f7de4a5ac54258be885c2e735a315c71187481a7f3d655d650c5c4c/rapidfuzz-3.12.2-cp310-cp310-musllinux_1_2_x86_64.whl", hash = "sha256:a3692d4ab36d44685f61326dca539975a4eda49b2a76f0a3df177d8a2c0de9d2", size = 4589777 },
    { url = "https://files.pythonhosted.org/packages/51/b3/84927233624d5e308e4739c748d2cb4ba46675efb7e021661c68b7a7b941/rapidfuzz-3.12.2-cp310-cp310-win32.whl", hash = "sha256:09227bd402caa4397ba1d6e239deea635703b042dd266a4092548661fb22b9c6", size = 1862195 },
    { url = "https://files.pythonhosted.org/packages/c9/49/e101be3e62b6524ea8b271b2e949878c8b58c31a0dc5d30b90f4f5c980e7/rapidfuzz-3.12.2-cp310-cp310-win_amd64.whl", hash = "sha256:0f05b7b95f9f87254b53fa92048367a8232c26cee7fc8665e4337268c3919def", size = 1625063 },
    { url = "https://files.pythonhosted.org/packages/ed/21/a7cbb1eacad92a840a62a22f49d98b423154da49874b787e24bb630f4689/rapidfuzz-3.12.2-cp310-cp310-win_arm64.whl", hash = "sha256:6938738e00d9eb6e04097b3f565097e20b0c398f9c58959a2bc64f7f6be3d9da", size = 870054 },
    { url = "https://files.pythonhosted.org/packages/8e/41/985b8786f7895f7a7f03f80b547e04a5b9f41187f43de386ad2f32b9f9fc/rapidfuzz-3.12.2-cp311-cp311-macosx_10_9_x86_64.whl", hash = "sha256:e9c4d984621ae17404c58f8d06ed8b025e167e52c0e6a511dfec83c37e9220cd", size = 1960568 },
    { url = "https://files.pythonhosted.org/packages/90/9e/9278b4160bf86346fc5f110b5daf07af629343bfcd04a9366d355bc6104e/rapidfuzz-3.12.2-cp311-cp311-macosx_11_0_arm64.whl", hash = "sha256:9f9132c55d330f0a1d34ce6730a76805323a6250d97468a1ca766a883d6a9a25", size = 1434362 },
    { url = "https://files.pythonhosted.org/packages/e7/53/fe3fb50111e203da4e82b8694c29cbf44101cdbf1efd7ef721cdf85e0aca/rapidfuzz-3.12.2-cp311-cp311-manylinux_2_17_aarch64.manylinux2014_aarch64.whl", hash = "sha256:39b343b6cb4b2c3dbc8d2d4c5ee915b6088e3b144ddf8305a57eaab16cf9fc74", size = 1417839 },
    { url = "https://files.pythonhosted.org/packages/fd/c4/aa11749bc9d9c0539061d32f2c525d99e11588867d3d6e94693ccd4e0dd0/rapidfuzz-3.12.2-cp311-cp311-manylinux_2_17_i686.manylinux2014_i686.whl", hash = "sha256:24081077b571ec4ee6d5d7ea0e49bc6830bf05b50c1005028523b9cd356209f3", size = 5620525 },
    { url = "https://files.pythonhosted.org/packages/5f/62/463c618a5a8a44bf6b087325353e13dbd5bc19c44cc06134d3c9eff0d04a/rapidfuzz-3.12.2-cp311-cp311-manylinux_2_17_ppc64le.manylinux2014_ppc64le.whl", hash = "sha256:c988a4fc91856260355773bf9d32bebab2083d4c6df33fafeddf4330e5ae9139", size = 1671267 },
    { url = "https://files.pythonhosted.org/packages/ca/b6/ec87c56ed0fab59f8220f5b832d5c1dd374667bee73318a01392ccc8c23d/rapidfuzz-3.12.2-cp311-cp311-manylinux_2_17_s390x.manylinux2014_s390x.whl", hash = "sha256:780b4469ee21cf62b1b2e8ada042941fd2525e45d5fb6a6901a9798a0e41153c", size = 1683415 },
    { url = "https://files.pythonhosted.org/packages/46/08/862e65a1022cbfa2935e7b3f04cdaa73b0967ebf4762ddf509735da47d73/rapidfuzz-3.12.2-cp311-cp311-manylinux_2_17_x86_64.manylinux2014_x86_64.whl", hash = "sha256:edd84b0a323885493c893bad16098c5e3b3005d7caa995ae653da07373665d97", size = 3139234 },
    { url = "https://files.pythonhosted.org/packages/ee/fa/7e8c0d1d26a4b892344c743f17e2c8482f749b616cd651590bd60994b49f/rapidfuzz-3.12.2-cp311-cp311-musllinux_1_2_aarch64.whl", hash = "sha256:efa22059c765b3d8778083805b199deaaf643db070f65426f87d274565ddf36a", size = 2523730 },
    { url = "https://files.pythonhosted.org/packages/8a/52/1d5b80e990c2e9998e47be118c2dbabda75daa2a5f5ff978df1ed76d7f81/rapidfuzz-3.12.2-cp311-cp311-musllinux_1_2_i686.whl", hash = "sha256:095776b11bb45daf7c2973dd61cc472d7ea7f2eecfa454aef940b4675659b92f", size = 7880525 },
    { url = "https://files.pythonhosted.org/packages/0c/18/9c8cd7378272590a1eb0855b587f3a1fbd3492bd1612825d675320eeeb1b/rapidfuzz-3.12.2-cp311-cp311-musllinux_1_2_ppc64le.whl", hash = "sha256:7e2574cf4aa86065600b664a1ac7b8b8499107d102ecde836aaaa403fc4f1784", size = 2905180 },
    { url = "https://files.pythonhosted.org/packages/4b/94/992de5d0fc9269a93ce62979aced028e0939d3477ea99d87fd0e22f44e8d/rapidfuzz-3.12.2-cp311-cp311-musllinux_1_2_s390x.whl", hash = "sha256:d5a3425a6c50fd8fbd991d8f085ddb504791dae6ef9cc3ab299fea2cb5374bef", size = 3548613 },
    { url = "https://files.pythonhosted.org/packages/9b/25/ed3a0317f118131ee297de5936e1587e48b059e6438f4bbf92ef3bbc4927/rapidfuzz-3.12.2-cp311-cp311-musllinux_1_2_x86_64.whl", hash = "sha256:97fb05e1ddb7b71a054040af588b0634214ee87cea87900d309fafc16fd272a4", size = 4583047 },
    { url = "https://files.pythonhosted.org/packages/4d/27/10585a5a62ff6ebbefa3e836a3fd8c123e2ed0bbde8cfcdd7477032cd458/rapidfuzz-3.12.2-cp311-cp311-win32.whl", hash = "sha256:b4c5a0413589aef936892fbfa94b7ff6f7dd09edf19b5a7b83896cc9d4e8c184", size = 1863208 },
    { url = "https://files.pythonhosted.org/packages/38/4c/faacecf70a4e202a02f029ec6f6e04e910d95c4ef36d7d63b83b160f7f3e/rapidfuzz-3.12.2-cp311-cp311-win_amd64.whl", hash = "sha256:58d9ae5cf9246d102db2a2558b67fe7e73c533e5d769099747921232d88b9be2", size = 1630876 },
    { url = "https://files.pythonhosted.org/packages/a7/4b/4931da26e0677880a9a533ef75ccbe564c091aa4a3579aed0355c7e06900/rapidfuzz-3.12.2-cp311-cp311-win_arm64.whl", hash = "sha256:7635fe34246cd241c8e35eb83084e978b01b83d5ef7e5bf72a704c637f270017", size = 870896 },
    { url = "https://files.pythonhosted.org/packages/a7/d2/e071753227c9e9f7f3550b983f30565f6e994581529815fa5a8879e7cd10/rapidfuzz-3.12.2-cp312-cp312-macosx_10_13_x86_64.whl", hash = "sha256:1d982a651253ffe8434d9934ff0c1089111d60502228464721a2a4587435e159", size = 1944403 },
    { url = "https://files.pythonhosted.org/packages/aa/d1/4a10d21cc97aa36f4019af24382b5b4dc5ea6444499883c1c1286c6089ba/rapidfuzz-3.12.2-cp312-cp312-macosx_11_0_arm64.whl", hash = "sha256:02e6466caa0222d5233b1f05640873671cd99549a5c5ba4c29151634a1e56080", size = 1430287 },
    { url = "https://files.pythonhosted.org/packages/6a/2d/76d39ab0beeb884d432096fe288c41850e37608e0145264081d0cb809f3c/rapidfuzz-3.12.2-cp312-cp312-manylinux_2_17_aarch64.manylinux2014_aarch64.whl", hash = "sha256:e956b3f053e474abae69ac693a52742109d860ac2375fe88e9387d3277f4c96c", size = 1403693 },
    { url = "https://files.pythonhosted.org/packages/85/1a/719b0f6498c003627e4b83b841bdcd48b11de8a9908a9051c4d2a0bc2245/rapidfuzz-3.12.2-cp312-cp312-manylinux_2_17_i686.manylinux2014_i686.whl", hash = "sha256:2dee7d740a2d5418d4f964f39ab8d89923e6b945850db833e798a1969b19542a", size = 5555878 },
    { url = "https://files.pythonhosted.org/packages/af/48/14d952a73254b4b0e517141acd27979bd23948adaf197f6ca2dc722fde6a/rapidfuzz-3.12.2-cp312-cp312-manylinux_2_17_ppc64le.manylinux2014_ppc64le.whl", hash = "sha256:a057cdb0401e42c84b6516c9b1635f7aedd5e430c6e388bd5f6bcd1d6a0686bb", size = 1655301 },
    { url = "https://files.pythonhosted.org/packages/db/3f/b093e154e9752325d7459aa6dca43b7acbcaffa05133507e2403676e3e75/rapidfuzz-3.12.2-cp312-cp312-manylinux_2_17_s390x.manylinux2014_s390x.whl", hash = "sha256:dccf8d4fb5b86d39c581a59463c596b1d09df976da26ff04ae219604223d502f", size = 1678069 },
    { url = "https://files.pythonhosted.org/packages/d6/7e/88853ecae5b5456eb1a1d8a01cbd534e25b671735d5d974609cbae082542/rapidfuzz-3.12.2-cp312-cp312-manylinux_2_17_x86_64.manylinux2014_x86_64.whl", hash = "sha256:21d5b3793c6f5aecca595cd24164bf9d3c559e315ec684f912146fc4e769e367", size = 3137119 },
    { url = "https://files.pythonhosted.org/packages/4d/d2/b1f809b815aaf682ddac9c57929149f740b90feeb4f8da2f535c196de821/rapidfuzz-3.12.2-cp312-cp312-musllinux_1_2_aarch64.whl", hash = "sha256:46a616c0e13cff2de1761b011e0b14bb73b110182f009223f1453d505c9a975c", size = 2491639 },
    { url = "https://files.pythonhosted.org/packages/61/e4/a908d7b8db6e52ba2f80f6f0d0709ef9fdedb767db4307084331742b67f0/rapidfuzz-3.12.2-cp312-cp312-musllinux_1_2_i686.whl", hash = "sha256:19fa5bc4301a1ee55400d4a38a8ecf9522b0391fc31e6da5f4d68513fe5c0026", size = 7821561 },
    { url = "https://files.pythonhosted.org/packages/f3/83/0250c49deefff15c46f5e590d8ee6abbd0f056e20b85994db55c16ac6ead/rapidfuzz-3.12.2-cp312-cp312-musllinux_1_2_ppc64le.whl", hash = "sha256:544a47190a0d25971658a9365dba7095397b4ce3e897f7dd0a77ca2cf6fa984e", size = 2874048 },
    { url = "https://files.pythonhosted.org/packages/6c/3f/8d433d964c6e476476ee53eae5fa77b9f16b38d312eb1571e9099a6a3b12/rapidfuzz-3.12.2-cp312-cp312-musllinux_1_2_s390x.whl", hash = "sha256:f21af27c5e001f0ba1b88c36a0936437dfe034c452548d998891c21125eb640f", size = 3522801 },
    { url = "https://files.pythonhosted.org/packages/82/85/4931bfa41ef837b1544838e46e0556640d18114b3da9cf05e10defff00ae/rapidfuzz-3.12.2-cp312-cp312-musllinux_1_2_x86_64.whl", hash = "sha256:b63170d9db00629b5b3f2862114d8d6ee19127eaba0eee43762d62a25817dbe0", size = 4567304 },
    { url = "https://files.pythonhosted.org/packages/b1/fe/fdae322869885115dd19a38c1da71b73a8832aa77757c93f460743d4f54c/rapidfuzz-3.12.2-cp312-cp312-win32.whl", hash = "sha256:6c7152d77b2eb6bfac7baa11f2a9c45fd5a2d848dbb310acd0953b3b789d95c9", size = 1845332 },
    { url = "https://files.pythonhosted.org/packages/ca/a4/2ccebda5fb8a266d163d57a42c2a6ef6f91815df5d89cf38c12e8aa6ed0b/rapidfuzz-3.12.2-cp312-cp312-win_amd64.whl", hash = "sha256:1a314d170ee272ac87579f25a6cf8d16a031e1f7a7b07663434b41a1473bc501", size = 1617926 },
    { url = "https://files.pythonhosted.org/packages/a5/bc/aa8a4dc4ebff966dd039cce017c614cfd202049b4d1a2daafee7d018521b/rapidfuzz-3.12.2-cp312-cp312-win_arm64.whl", hash = "sha256:d41e8231326e94fd07c4d8f424f6bed08fead6f5e6688d1e6e787f1443ae7631", size = 864737 },
    { url = "https://files.pythonhosted.org/packages/96/59/2ea3b5bb82798eae73d6ee892264ebfe42727626c1f0e96c77120f0d5cf6/rapidfuzz-3.12.2-cp313-cp313-macosx_10_13_x86_64.whl", hash = "sha256:941f31038dba5d3dedcfcceba81d61570ad457c873a24ceb13f4f44fcb574260", size = 1936870 },
    { url = "https://files.pythonhosted.org/packages/54/85/4e486bf9ea05e771ad231731305ed701db1339157f630b76b246ce29cf71/rapidfuzz-3.12.2-cp313-cp313-macosx_11_0_arm64.whl", hash = "sha256:fe2dfc454ee51ba168a67b1e92b72aad251e45a074972cef13340bbad2fd9438", size = 1424231 },
    { url = "https://files.pythonhosted.org/packages/dc/60/aeea3eed402c40a8cf055d554678769fbee0dd95c22f04546070a22bb90e/rapidfuzz-3.12.2-cp313-cp313-manylinux_2_17_aarch64.manylinux2014_aarch64.whl", hash = "sha256:78fafaf7f5a48ee35ccd7928339080a0136e27cf97396de45259eca1d331b714", size = 1398055 },
    { url = "https://files.pythonhosted.org/packages/33/6b/757106f4c21fe3f20ce13ba3df560da60e52fe0dc390fd22bf613761669c/rapidfuzz-3.12.2-cp313-cp313-manylinux_2_17_i686.manylinux2014_i686.whl", hash = "sha256:e0c7989ff32c077bb8fd53253fd6ca569d1bfebc80b17557e60750e6909ba4fe", size = 5526188 },
    { url = "https://files.pythonhosted.org/packages/1e/a2/7c680cdc5532746dba67ecf302eed975252657094e50ae334fa9268352e8/rapidfuzz-3.12.2-cp313-cp313-manylinux_2_17_ppc64le.manylinux2014_ppc64le.whl", hash = "sha256:96fa00bc105caa34b6cd93dca14a29243a3a7f0c336e4dcd36348d38511e15ac", size = 1648483 },
    { url = "https://files.pythonhosted.org/packages/f6/b0/ce942a1448b1a75d64af230dd746dede502224dd29ca9001665bbfd4bee6/rapidfuzz-3.12.2-cp313-cp313-manylinux_2_17_s390x.manylinux2014_s390x.whl", hash = "sha256:bccfb30c668620c5bc3490f2dc7d7da1cca0ead5a9da8b755e2e02e2ef0dff14", size = 1676076 },
    { url = "https://files.pythonhosted.org/packages/ba/71/81f77b08333200be6984b6cdf2bdfd7cfca4943f16b478a2f7838cba8d66/rapidfuzz-3.12.2-cp313-cp313-manylinux_2_17_x86_64.manylinux2014_x86_64.whl", hash = "sha256:2f9b0adc3d894beb51f5022f64717b6114a6fabaca83d77e93ac7675911c8cc5", size = 3114169 },
    { url = "https://files.pythonhosted.org/packages/01/16/f3f34b207fdc8c61a33f9d2d61fc96b62c7dadca88bda1df1be4b94afb0b/rapidfuzz-3.12.2-cp313-cp313-musllinux_1_2_aarch64.whl", hash = "sha256:32691aa59577f42864d5535cb6225d0f47e2c7bff59cf4556e5171e96af68cc1", size = 2485317 },
    { url = "https://files.pythonhosted.org/packages/b2/a6/b954f0766f644eb8dd8df44703e024ab4f5f15a8f8f5ea969963dd036f50/rapidfuzz-3.12.2-cp313-cp313-musllinux_1_2_i686.whl", hash = "sha256:758b10380ad34c1f51753a070d7bb278001b5e6fcf544121c6df93170952d705", size = 7844495 },
    { url = "https://files.pythonhosted.org/packages/fb/8f/1dc604d05e07150a02b56a8ffc47df75ce316c65467259622c9edf098451/rapidfuzz-3.12.2-cp313-cp313-musllinux_1_2_ppc64le.whl", hash = "sha256:50a9c54c0147b468363119132d514c5024fbad1ed8af12bd8bd411b0119f9208", size = 2873242 },
    { url = "https://files.pythonhosted.org/packages/78/a9/9c649ace4b7f885e0a5fdcd1f33b057ebd83ecc2837693e6659bd944a2bb/rapidfuzz-3.12.2-cp313-cp313-musllinux_1_2_s390x.whl", hash = "sha256:e3ceb87c11d2d0fbe8559bb795b0c0604b84cfc8bb7b8720b5c16e9e31e00f41", size = 3519124 },
    { url = "https://files.pythonhosted.org/packages/f5/81/ce0b774e540a2e22ec802e383131d7ead18347197304d584c4ccf7b8861a/rapidfuzz-3.12.2-cp313-cp313-musllinux_1_2_x86_64.whl", hash = "sha256:f7c9a003002434889255ff5676ca0f8934a478065ab5e702f75dc42639505bba", size = 4557831 },
    { url = "https://files.pythonhosted.org/packages/13/28/7bf0ee8d35efa7ab14e83d1795cdfd54833aa0428b6f87e987893136c372/rapidfuzz-3.12.2-cp313-cp313-win32.whl", hash = "sha256:cf165a76870cd875567941cf861dfd361a0a6e6a56b936c5d30042ddc9def090", size = 1842802 },
    { url = "https://files.pythonhosted.org/packages/ef/7e/792d609484776c8a40e1695ebd28b62196be9f8347b785b9104604dc7268/rapidfuzz-3.12.2-cp313-cp313-win_amd64.whl", hash = "sha256:55bcc003541f5f16ec0a73bf6de758161973f9e8d75161954380738dd147f9f2", size = 1615808 },
    { url = "https://files.pythonhosted.org/packages/4b/43/ca3d1018b392f49131843648e10b08ace23afe8dad3bee5f136e4346b7cd/rapidfuzz-3.12.2-cp313-cp313-win_arm64.whl", hash = "sha256:69f6ecdf1452139f2b947d0c169a605de578efdb72cbb2373cb0a94edca1fd34", size = 863535 },
    { url = "https://files.pythonhosted.org/packages/92/77/a72abb16c5cb093980570871aa152e6d47fc9cf2482daeea9687708be655/rapidfuzz-3.12.2-pp310-pypy310_pp73-macosx_10_15_x86_64.whl", hash = "sha256:e5fd3ce849b27d063755829cda27a9dab6dbd63be3801f2a40c60ec563a4c90f", size = 1858463 },
    { url = "https://files.pythonhosted.org/packages/8c/93/06a29076722ef6b05a81132eac9847592185ee97a1dadc7ead2f37334ebe/rapidfuzz-3.12.2-pp310-pypy310_pp73-macosx_11_0_arm64.whl", hash = "sha256:54e53662d71ed660c83c5109127c8e30b9e607884b7c45d2aff7929bbbd00589", size = 1368517 },
    { url = "https://files.pythonhosted.org/packages/f9/4f/36e8ae37e82a617b8d8da8162744bf69b15091743c3f70699090cb793dd5/rapidfuzz-3.12.2-pp310-pypy310_pp73-manylinux_2_17_aarch64.manylinux2014_aarch64.whl", hash = "sha256:2b9e43cf2213e524f3309d329f1ad8dbf658db004ed44f6ae1cd2919aa997da5", size = 1364411 },
    { url = "https://files.pythonhosted.org/packages/63/f5/ac535622eb163b9a242c40633587916e71f23233bcd6e3d3e70ae2a99a4c/rapidfuzz-3.12.2-pp310-pypy310_pp73-manylinux_2_17_i686.manylinux2014_i686.whl", hash = "sha256:29ca445e320e5a8df3bd1d75b4fa4ecfa7c681942b9ac65b55168070a1a1960e", size = 5486500 },
    { url = "https://files.pythonhosted.org/packages/6f/de/87fcb20fda640a2cf0cebe4b0dc3ab970b1ef8a9d48d05363e375fc05982/rapidfuzz-3.12.2-pp310-pypy310_pp73-manylinux_2_17_x86_64.manylinux2014_x86_64.whl", hash = "sha256:83eb7ef732c2f8533c6b5fbe69858a722c218acc3e1fc190ab6924a8af7e7e0e", size = 3064900 },
    { url = "https://files.pythonhosted.org/packages/c3/67/c7c4129e8b8b674a7b1d82edc36ed093418fdcf011e3a25150895b24a963/rapidfuzz-3.12.2-pp310-pypy310_pp73-win_amd64.whl", hash = "sha256:648adc2dd2cf873efc23befcc6e75754e204a409dfa77efd0fea30d08f22ef9d", size = 1555181 },
    { url = "https://files.pythonhosted.org/packages/ee/4d/e910b70839d88d1c38ba806b0ddaa94b478cca8a09f4e7155b2b607c34b2/rapidfuzz-3.12.2-pp311-pypy311_pp73-macosx_10_15_x86_64.whl", hash = "sha256:9b1e6f48e1ffa0749261ee23a1c6462bdd0be5eac83093f4711de17a42ae78ad", size = 1860425 },
    { url = "https://files.pythonhosted.org/packages/fd/62/54914f63e185539fbcca65acb1f7c879740a278d240527ed5ddd40bd7690/rapidfuzz-3.12.2-pp311-pypy311_pp73-macosx_11_0_arm64.whl", hash = "sha256:1ae9ded463f2ca4ba1eb762913c5f14c23d2e120739a62b7f4cc102eab32dc90", size = 1369066 },
    { url = "https://files.pythonhosted.org/packages/56/4a/de2cfab279497d0b2529d3fec398f60cf8e27a51d667b6529081fbdb0af2/rapidfuzz-3.12.2-pp311-pypy311_pp73-manylinux_2_17_aarch64.manylinux2014_aarch64.whl", hash = "sha256:dda45f47b559be72ecbce45c7f71dc7c97b9772630ab0f3286d97d2c3025ab71", size = 1365330 },
    { url = "https://files.pythonhosted.org/packages/dd/48/170c37cfdf04efa34e7cafc688a8517c9098c1d27e1513393ad71bf3165c/rapidfuzz-3.12.2-pp311-pypy311_pp73-manylinux_2_17_i686.manylinux2014_i686.whl", hash = "sha256:b3745c6443890265513a3c8777f2de4cb897aeb906a406f97741019be8ad5bcc", size = 5481251 },
    { url = "https://files.pythonhosted.org/packages/4e/2d/107c489443f6438780d2e40747d5880c8d9374a64e17487eb4085fe7f1f5/rapidfuzz-3.12.2-pp311-pypy311_pp73-manylinux_2_17_x86_64.manylinux2014_x86_64.whl", hash = "sha256:36d3ef4f047ed1bc96fa29289f9e67a637ddca5e4f4d3dc7cb7f50eb33ec1664", size = 3060633 },
    { url = "https://files.pythonhosted.org/packages/09/f6/fa777f336629aee8938f3d5c95c09df38459d4eadbdbe34642889857fb6a/rapidfuzz-3.12.2-pp311-pypy311_pp73-win_amd64.whl", hash = "sha256:54bb69ebe5ca0bd7527357e348f16a4c0c52fe0c2fcc8a041010467dcb8385f7", size = 1555000 },
]

[[package]]
name = "setuptools"
version = "75.8.2"
source = { registry = "https://pypi.org/simple" }
sdist = { url = "https://files.pythonhosted.org/packages/d1/53/43d99d7687e8cdef5ab5f9ec5eaf2c0423c2b35133a2b7e7bc276fc32b21/setuptools-75.8.2.tar.gz", hash = "sha256:4880473a969e5f23f2a2be3646b2dfd84af9028716d398e46192f84bc36900d2", size = 1344083 }
wheels = [
    { url = "https://files.pythonhosted.org/packages/a9/38/7d7362e031bd6dc121e5081d8cb6aa6f6fedf2b67bf889962134c6da4705/setuptools-75.8.2-py3-none-any.whl", hash = "sha256:558e47c15f1811c1fa7adbd0096669bf76c1d3f433f58324df69f3f5ecac4e8f", size = 1229385 },
]

[[package]]
name = "wheel"
version = "0.45.1"
source = { registry = "https://pypi.org/simple" }
sdist = { url = "https://files.pythonhosted.org/packages/8a/98/2d9906746cdc6a6ef809ae6338005b3f21bb568bea3165cfc6a243fdc25c/wheel-0.45.1.tar.gz", hash = "sha256:661e1abd9198507b1409a20c02106d9670b2576e916d58f520316666abca6729", size = 107545 }
wheels = [
    { url = "https://files.pythonhosted.org/packages/0b/2c/87f3254fd8ffd29e4c02732eee68a83a1d3c346ae39bc6822dcbcb697f2b/wheel-0.45.1-py3-none-any.whl", hash = "sha256:708e7481cc80179af0e556bbf0cc00b8444c7321e2700b8d8580231d13017248", size = 72494 },
]
